
Microsoft Visual Studio Solution File, Format Version 12.00
# Visual Studio 2012
Project("{FAE04EC0-301F-11D3-BF4B-00C04F79EFBC}") = "Director", "Director.csproj", "{851985E4-E66F-49A5-9D0B-F1B90FB92870}"
EndProject
Project("{FAE04EC0-301F-11D3-BF4B-00C04F79EFBC}") = "UnitTestParser", "UnitTestParser\UnitTestParser.csproj", "{EB6A1F10-FD34-4C46-927F-06BCD78165B6}"
EndProject
Global
	GlobalSection(SolutionConfigurationPlatforms) = preSolution
		Debug|Any CPU = Debug|Any CPU
		Release|Any CPU = Release|Any CPU
	EndGlobalSection
	GlobalSection(ProjectConfigurationPlatforms) = postSolution
		{851985E4-E66F-49A5-9D0B-F1B90FB92870}.Debug|Any CPU.ActiveCfg = Debug|Any CPU
		{851985E4-E66F-49A5-9D0B-F1B90FB92870}.Debug|Any CPU.Build.0 = Debug|Any CPU
		{851985E4-E66F-49A5-9D0B-F1B90FB92870}.Release|Any CPU.ActiveCfg = Release|Any CPU
		{851985E4-E66F-49A5-9D0B-F1B90FB92870}.Release|Any CPU.Build.0 = Release|Any CPU
		{EB6A1F10-FD34-4C46-927F-06BCD78165B6}.Debug|Any CPU.ActiveCfg = Debug|Any CPU
		{EB6A1F10-FD34-4C46-927F-06BCD78165B6}.Debug|Any CPU.Build.0 = Debug|Any CPU
		{EB6A1F10-FD34-4C46-927F-06BCD78165B6}.Release|Any CPU.ActiveCfg = Release|Any CPU
		{EB6A1F10-FD34-4C46-927F-06BCD78165B6}.Release|Any CPU.Build.0 = Release|Any CPU
	EndGlobalSection
	GlobalSection(SolutionProperties) = preSolution
		HideSolutionNode = FALSE
	EndGlobalSection
EndGlobal
